// !$*UTF8*$!
{
	archiveVersion = 1;
	classes = {
	};
	objectVersion = 46;
	objects = {

/* Begin PBXBuildFile section */
		275BF7C819B8858C0043B86E /* AppDelegate.swift in Sources */ = {isa = PBXBuildFile; fileRef = 275BF7C719B8858C0043B86E /* AppDelegate.swift */; };
		275BF7CA19B8858C0043B86E /* GameScene.sks in Resources */ = {isa = PBXBuildFile; fileRef = 275BF7C919B8858C0043B86E /* GameScene.sks */; };
		275BF7CC19B8858C0043B86E /* GameScene.swift in Sources */ = {isa = PBXBuildFile; fileRef = 275BF7CB19B8858C0043B86E /* GameScene.swift */; };
		275BF7CE19B8858C0043B86E /* GameViewController.swift in Sources */ = {isa = PBXBuildFile; fileRef = 275BF7CD19B8858C0043B86E /* GameViewController.swift */; };
		275BF7D119B8858C0043B86E /* Main.storyboard in Resources */ = {isa = PBXBuildFile; fileRef = 275BF7CF19B8858C0043B86E /* Main.storyboard */; };
		275BF7D319B8858C0043B86E /* Images.xcassets in Resources */ = {isa = PBXBuildFile; fileRef = 275BF7D219B8858C0043B86E /* Images.xcassets */; };
		275BF7DF19B8858D0043B86E /* RobotTests.swift in Sources */ = {isa = PBXBuildFile; fileRef = 275BF7DE19B8858D0043B86E /* RobotTests.swift */; };
/* End PBXBuildFile section */

/* Begin PBXContainerItemProxy section */
		275BF7D919B8858D0043B86E /* PBXContainerItemProxy */ = {
			isa = PBXContainerItemProxy;
			containerPortal = 275BF7BA19B8858C0043B86E /* Project object */;
			proxyType = 1;
			remoteGlobalIDString = 275BF7C119B8858C0043B86E;
			remoteInfo = Robot;
		};
/* End PBXContainerItemProxy section */

/* Begin PBXFileReference section */
		275BF7C219B8858C0043B86E /* Robot.app */ = {isa = PBXFileReference; explicitFileType = wrapper.application; includeInIndex = 0; path = Robot.app; sourceTree = BUILT_PRODUCTS_DIR; };
		275BF7C619B8858C0043B86E /* Info.plist */ = {isa = PBXFileReference; lastKnownFileType = text.plist.xml; path = Info.plist; sourceTree = "<group>"; };
		275BF7C719B8858C0043B86E /* AppDelegate.swift */ = {isa = PBXFileReference; lastKnownFileType = sourcecode.swift; path = AppDelegate.swift; sourceTree = "<group>"; };
		275BF7C919B8858C0043B86E /* GameScene.sks */ = {isa = PBXFileReference; lastKnownFileType = file.sks; path = GameScene.sks; sourceTree = "<group>"; };
		275BF7CB19B8858C0043B86E /* GameScene.swift */ = {isa = PBXFileReference; lastKnownFileType = sourcecode.swift; path = GameScene.swift; sourceTree = "<group>"; };
		275BF7CD19B8858C0043B86E /* GameViewController.swift */ = {isa = PBXFileReference; lastKnownFileType = sourcecode.swift; path = GameViewController.swift; sourceTree = "<group>"; };
		275BF7D019B8858C0043B86E /* Base */ = {isa = PBXFileReference; lastKnownFileType = file.storyboard; name = Base; path = Base.lproj/Main.storyboard; sourceTree = "<group>"; };
		275BF7D219B8858C0043B86E /* Images.xcassets */ = {isa = PBXFileReference; lastKnownFileType = folder.assetcatalog; path = Images.xcassets; sourceTree = "<group>"; };
		275BF7D819B8858D0043B86E /* RobotTests.xctest */ = {isa = PBXFileReference; explicitFileType = wrapper.cfbundle; includeInIndex = 0; path = RobotTests.xctest; sourceTree = BUILT_PRODUCTS_DIR; };
		275BF7DD19B8858D0043B86E /* Info.plist */ = {isa = PBXFileReference; lastKnownFileType = text.plist.xml; path = Info.plist; sourceTree = "<group>"; };
		275BF7DE19B8858D0043B86E /* RobotTests.swift */ = {isa = PBXFileReference; lastKnownFileType = sourcecode.swift; path = RobotTests.swift; sourceTree = "<group>"; };
/* End PBXFileReference section */

/* Begin PBXFrameworksBuildPhase section */
		275BF7BF19B8858C0043B86E /* Frameworks */ = {
			isa = PBXFrameworksBuildPhase;
			buildActionMask = 2147483647;
			files = (
			);
			runOnlyForDeploymentPostprocessing = 0;
		};
		275BF7D519B8858D0043B86E /* Frameworks */ = {
			isa = PBXFrameworksBuildPhase;
			buildActionMask = 2147483647;
			files = (
			);
			runOnlyForDeploymentPostprocessing = 0;
		};
/* End PBXFrameworksBuildPhase section */

/* Begin PBXGroup section */
		275BF7B919B8858C0043B86E = {
			isa = PBXGroup;
			children = (
				275BF7C419B8858C0043B86E /* Robot */,
				275BF7DB19B8858D0043B86E /* RobotTests */,
				275BF7C319B8858C0043B86E /* Products */,
			);
			sourceTree = "<group>";
		};
		275BF7C319B8858C0043B86E /* Products */ = {
			isa = PBXGroup;
			children = (
				275BF7C219B8858C0043B86E /* Robot.app */,
				275BF7D819B8858D0043B86E /* RobotTests.xctest */,
			);
			name = Products;
			sourceTree = "<group>";
		};
		275BF7C419B8858C0043B86E /* Robot */ = {
			isa = PBXGroup;
			children = (
				275BF7C719B8858C0043B86E /* AppDelegate.swift */,
				275BF7C919B8858C0043B86E /* GameScene.sks */,
				275BF7CB19B8858C0043B86E /* GameScene.swift */,
				275BF7CD19B8858C0043B86E /* GameViewController.swift */,
				275BF7CF19B8858C0043B86E /* Main.storyboard */,
				275BF7D219B8858C0043B86E /* Images.xcassets */,
				275BF7C519B8858C0043B86E /* Supporting Files */,
			);
			path = Robot;
			sourceTree = "<group>";
		};
		275BF7C519B8858C0043B86E /* Supporting Files */ = {
			isa = PBXGroup;
			children = (
				275BF7C619B8858C0043B86E /* Info.plist */,
			);
			name = "Supporting Files";
			sourceTree = "<group>";
		};
		275BF7DB19B8858D0043B86E /* RobotTests */ = {
			isa = PBXGroup;
			children = (
				275BF7DE19B8858D0043B86E /* RobotTests.swift */,
				275BF7DC19B8858D0043B86E /* Supporting Files */,
			);
			path = RobotTests;
			sourceTree = "<group>";
		};
		275BF7DC19B8858D0043B86E /* Supporting Files */ = {
			isa = PBXGroup;
			children = (
				275BF7DD19B8858D0043B86E /* Info.plist */,
			);
			name = "Supporting Files";
			sourceTree = "<group>";
		};
/* End PBXGroup section */

/* Begin PBXNativeTarget section */
		275BF7C119B8858C0043B86E /* Robot */ = {
			isa = PBXNativeTarget;
			buildConfigurationList = 275BF7E219B8858D0043B86E /* Build configuration list for PBXNativeTarget "Robot" */;
			buildPhases = (
				275BF7BE19B8858C0043B86E /* Sources */,
				275BF7BF19B8858C0043B86E /* Frameworks */,
				275BF7C019B8858C0043B86E /* Resources */,
			);
			buildRules = (
			);
			dependencies = (
			);
			name = Robot;
			productName = Robot;
			productReference = 275BF7C219B8858C0043B86E /* Robot.app */;
			productType = "com.apple.product-type.application";
		};
		275BF7D719B8858D0043B86E /* RobotTests */ = {
			isa = PBXNativeTarget;
			buildConfigurationList = 275BF7E519B8858D0043B86E /* Build configuration list for PBXNativeTarget "RobotTests" */;
			buildPhases = (
				275BF7D419B8858D0043B86E /* Sources */,
				275BF7D519B8858D0043B86E /* Frameworks */,
				275BF7D619B8858D0043B86E /* Resources */,
			);
			buildRules = (
			);
			dependencies = (
				275BF7DA19B8858D0043B86E /* PBXTargetDependency */,
			);
			name = RobotTests;
			productName = RobotTests;
			productReference = 275BF7D819B8858D0043B86E /* RobotTests.xctest */;
			productType = "com.apple.product-type.bundle.unit-test";
		};
/* End PBXNativeTarget section */

/* Begin PBXProject section */
		275BF7BA19B8858C0043B86E /* Project object */ = {
			isa = PBXProject;
			attributes = {
				LastUpgradeCheck = 0600;
				ORGANIZATIONNAME = "Katlyn Schwaebe";
				TargetAttributes = {
					275BF7C119B8858C0043B86E = {
						CreatedOnToolsVersion = 6.0;
					};
					275BF7D719B8858D0043B86E = {
						CreatedOnToolsVersion = 6.0;
						TestTargetID = 275BF7C119B8858C0043B86E;
					};
				};
			};
			buildConfigurationList = 275BF7BD19B8858C0043B86E /* Build configuration list for PBXProject "Robot" */;
			compatibilityVersion = "Xcode 3.2";
			developmentRegion = English;
			hasScannedForEncodings = 0;
			knownRegions = (
				en,
				Base,
			);
			mainGroup = 275BF7B919B8858C0043B86E;
			productRefGroup = 275BF7C319B8858C0043B86E /* Products */;
			projectDirPath = "";
			projectRoot = "";
			targets = (
				275BF7C119B8858C0043B86E /* Robot */,
				275BF7D719B8858D0043B86E /* RobotTests */,
			);
		};
/* End PBXProject section */

/* Begin PBXResourcesBuildPhase section */
		275BF7C019B8858C0043B86E /* Resources */ = {
			isa = PBXResourcesBuildPhase;
			buildActionMask = 2147483647;
			files = (
				275BF7D319B8858C0043B86E /* Images.xcassets in Resources */,
				275BF7CA19B8858C0043B86E /* GameScene.sks in Resources */,
				275BF7D119B8858C0043B86E /* Main.storyboard in Resources */,
			);
			runOnlyForDeploymentPostprocessing = 0;
		};
		275BF7D619B8858D0043B86E /* Resources */ = {
			isa = PBXResourcesBuildPhase;
			buildActionMask = 2147483647;
			files = (
			);
			runOnlyForDeploymentPostprocessing = 0;
		};
/* End PBXResourcesBuildPhase section */

/* Begin PBXSourcesBuildPhase section */
		275BF7BE19B8858C0043B86E /* Sources */ = {
			isa = PBXSourcesBuildPhase;
			buildActionMask = 2147483647;
			files = (
				275BF7CC19B8858C0043B86E /* GameScene.swift in Sources */,
				275BF7CE19B8858C0043B86E /* GameViewController.swift in Sources */,
				275BF7C819B8858C0043B86E /* AppDelegate.swift in Sources */,
			);
			runOnlyForDeploymentPostprocessing = 0;
		};
		275BF7D419B8858D0043B86E /* Sources */ = {
			isa = PBXSourcesBuildPhase;
			buildActionMask = 2147483647;
			files = (
				275BF7DF19B8858D0043B86E /* RobotTests.swift in Sources */,
			);
			runOnlyForDeploymentPostprocessing = 0;
		};
/* End PBXSourcesBuildPhase section */

/* Begin PBXTargetDependency section */
		275BF7DA19B8858D0043B86E /* PBXTargetDependency */ = {
			isa = PBXTargetDependency;
			target = 275BF7C119B8858C0043B86E /* Robot */;
			targetProxy = 275BF7D919B8858D0043B86E /* PBXContainerItemProxy */;
		};
/* End PBXTargetDependency section */

/* Begin PBXVariantGroup section */
		275BF7CF19B8858C0043B86E /* Main.storyboard */ = {
			isa = PBXVariantGroup;
			children = (
				275BF7D019B8858C0043B86E /* Base */,
			);
			name = Main.storyboard;
			sourceTree = "<group>";
		};
/* End PBXVariantGroup section */

/* Begin XCBuildConfiguration section */
		275BF7E019B8858D0043B86E /* Debug */ = {
			isa = XCBuildConfiguration;
			buildSettings = {
				ALWAYS_SEARCH_USER_PATHS = NO;
				CLANG_CXX_LANGUAGE_STANDARD = "gnu++0x";
				CLANG_CXX_LIBRARY = "libc++";
				CLANG_ENABLE_MODULES = YES;
				CLANG_ENABLE_OBJC_ARC = YES;
				CLANG_WARN_BOOL_CONVERSION = YES;
				CLANG_WARN_CONSTANT_CONVERSION = YES;
				CLANG_WARN_DIRECT_OBJC_ISA_USAGE = YES_ERROR;
				CLANG_WARN_EMPTY_BODY = YES;
				CLANG_WARN_ENUM_CONVERSION = YES;
				CLANG_WARN_INT_CONVERSION = YES;
				CLANG_WARN_OBJC_ROOT_CLASS = YES_ERROR;
				CLANG_WARN_UNREACHABLE_CODE = YES;
				CLANG_WARN__DUPLICATE_METHOD_MATCH = YES;
				"CODE_SIGN_IDENTITY[sdk=iphoneos*]" = "iPhone Developer";
				COPY_PHASE_STRIP = NO;
				ENABLE_STRICT_OBJC_MSGSEND = YES;
				GCC_C_LANGUAGE_STANDARD = gnu99;
				GCC_DYNAMIC_NO_PIC = NO;
				GCC_OPTIMIZATION_LEVEL = 0;
				GCC_PREPROCESSOR_DEFINITIONS = (
					"DEBUG=1",
					"$(inherited)",
				);
				GCC_SYMBOLS_PRIVATE_EXTERN = NO;
				GCC_WARN_64_TO_32_BIT_CONVERSION = YES;
				GCC_WARN_ABOUT_RETURN_TYPE = YES_ERROR;
				GCC_WARN_UNDECLARED_SELECTOR = YES;
				GCC_WARN_UNINITIALIZED_AUTOS = YES_AGGRESSIVE;
				GCC_WARN_UNUSED_FUNCTION = YES;
				GCC_WARN_UNUSED_VARIABLE = YES;
				IPHONEOS_DEPLOYMENT_TARGET = 8.0;
				MTL_ENABLE_DEBUG_INFO = YES;
				ONLY_ACTIVE_ARCH = YES;
				SDKROOT = iphoneos;
				SWIFT_OPTIMIZATION_LEVEL = "-Onone";
			};
			name = Debug;
		};
		275BF7E119B8858D0043B86E /* Release */ = {
			isa = XCBuildConfiguration;
			buildSettings = {
				ALWAYS_SEARCH_USER_PATHS = NO;
				CLANG_CXX_LANGUAGE_STANDARD = "gnu++0x";
				CLANG_CXX_LIBRARY = "libc++";
				CLANG_ENABLE_MODULES = YES;
				CLANG_ENABLE_OBJC_ARC = YES;
				CLANG_WARN_BOOL_CONVERSION = YES;
				CLANG_WARN_CONSTANT_CONVERSION = YES;
				CLANG_WARN_DIRECT_OBJC_ISA_USAGE = YES_ERROR;
				CLANG_WARN_EMPTY_BODY = YES;
				CLANG_WARN_ENUM_CONVERSION = YES;
				CLANG_WARN_INT_CONVERSION = YES;
				CLANG_WARN_OBJC_ROOT_CLASS = YES_ERROR;
				CLANG_WARN_UNREACHABLE_CODE = YES;
				CLANG_WARN__DUPLICATE_METHOD_MATCH = YES;
				"CODE_SIGN_IDENTITY[sdk=iphoneos*]" = "iPhone Developer";
				COPY_PHASE_STRIP = YES;
				ENABLE_NS_ASSERTIONS = NO;
				ENABLE_STRICT_OBJC_MSGSEND = YES;
				GCC_C_LANGUAGE_STANDARD = gnu99;
				GCC_WARN_64_TO_32_BIT_CONVERSION = YES;
				GCC_WARN_ABOUT_RETURN_TYPE = YES_ERROR;
				GCC_WARN_UNDECLARED_SELECTOR = YES;
				GCC_WARN_UNINITIALIZED_AUTOS = YES_AGGRESSIVE;
				GCC_WARN_UNUSED_FUNCTION = YES;
				GCC_WARN_UNUSED_VARIABLE = YES;
				IPHONEOS_DEPLOYMENT_TARGET = 8.0;
				MTL_ENABLE_DEBUG_INFO = NO;
				SDKROOT = iphoneos;
				VALIDATE_PRODUCT = YES;
			};
			name = Release;
		};
		275BF7E319B8858D0043B86E /* Debug */ = {
			isa = XCBuildConfiguration;
			buildSettings = {
				ASSETCATALOG_COMPILER_APPICON_NAME = AppIcon;
				ASSETCATALOG_COMPILER_LAUNCHIMAGE_NAME = LaunchImage;
				INFOPLIST_FILE = Robot/Info.plist;
				LD_RUNPATH_SEARCH_PATHS = "$(inherited) @executable_path/Frameworks";
				PRODUCT_NAME = "$(TARGET_NAME)";
			};
			name = Debug;
		};
		275BF7E419B8858D0043B86E /* Release */ = {
			isa = XCBuildConfiguration;
			buildSettings = {
				ASSETCATALOG_COMPILER_APPICON_NAME = AppIcon;
				ASSETCATALOG_COMPILER_LAUNCHIMAGE_NAME = LaunchImage;
				INFOPLIST_FILE = Robot/Info.plist;
				LD_RUNPATH_SEARCH_PATHS = "$(inherited) @executable_path/Frameworks";
				PRODUCT_NAME = "$(TARGET_NAME)";
			};
			name = Release;
		};
		275BF7E619B8858D0043B86E /* Debug */ = {
			isa = XCBuildConfiguration;
			buildSettings = {
				BUNDLE_LOADER = "$(TEST_HOST)";
				FRAMEWORK_SEARCH_PATHS = (
					"$(SDKROOT)/Developer/Library/Frameworks",
					"$(inherited)",
				);
				GCC_PREPROCESSOR_DEFINITIONS = (
					"DEBUG=1",
					"$(inherited)",
				);
				INFOPLIST_FILE = RobotTests/Info.plist;
				LD_RUNPATH_SEARCH_PATHS = "$(inherited) @executable_path/Frameworks @loader_path/Frameworks";
				PRODUCT_NAME = "$(TARGET_NAME)";
				TEST_HOST = "$(BUILT_PRODUCTS_DIR)/Robot.app/Robot";
			};
			name = Debug;
		};
		275BF7E719B8858D0043B86E /* Release */ = {
			isa = XCBuildConfiguration;
			buildSettings = {
				BUNDLE_LOADER = "$(TEST_HOST)";
				FRAMEWORK_SEARCH_PATHS = (
					"$(SDKROOT)/Developer/Library/Frameworks",
					"$(inherited)",
				);
				INFOPLIST_FILE = RobotTests/Info.plist;
				LD_RUNPATH_SEARCH_PATHS = "$(inherited) @executable_path/Frameworks @loader_path/Frameworks";
				PRODUCT_NAME = "$(TARGET_NAME)";
				TEST_HOST = "$(BUILT_PRODUCTS_DIR)/Robot.app/Robot";
			};
			name = Release;
		};
/* End XCBuildConfiguration section */

/* Begin XCConfigurationList section */
		275BF7BD19B8858C0043B86E /* Build configuration list for PBXProject "Robot" */ = {
			isa = XCConfigurationList;
			buildConfigurations = (
				275BF7E019B8858D0043B86E /* Debug */,
				275BF7E119B8858D0043B86E /* Release */,
			);
			defaultConfigurationIsVisible = 0;
			defaultConfigurationName = Release;
		};
		275BF7E219B8858D0043B86E /* Build configuration list for PBXNativeTarget "Robot" */ = {
			isa = XCConfigurationList;
			buildConfigurations = (
				275BF7E319B8858D0043B86E /* Debug */,
				275BF7E419B8858D0043B86E /* Release */,
			);
			defaultConfigurationIsVisible = 0;
		};
		275BF7E519B8858D0043B86E /* Build configuration list for PBXNativeTarget "RobotTests" */ = {
			isa = XCConfigurationList;
			buildConfigurations = (
				275BF7E619B8858D0043B86E /* Debug */,
				275BF7E719B8858D0043B86E /* Release */,
			);
			defaultConfigurationIsVisible = 0;
		};
/* End XCConfigurationList section */
	};
	rootObject = 275BF7BA19B8858C0043B86E /* Project object */;
}
